
Microsoft Visual Studio Solution File, Format Version 12.00
# Visual Studio Version 16
VisualStudioVersion = 16.0.30804.86
MinimumVisualStudioVersion = 10.0.40219.1
Project("{FAE04EC0-301F-11D3-BF4B-00C04F79EFBC}") = "ConsoleApp37", "ConsoleApp37\ConsoleApp37.csproj", "{19CAE695-D984-4335-B18F-6057CB2D9741}"
EndProject
Global
	GlobalSection(SolutionConfigurationPlatforms) = preSolution
		Debug|Any CPU = Debug|Any CPU
		Release|Any CPU = Release|Any CPU
	EndGlobalSection
	GlobalSection(ProjectConfigurationPlatforms) = postSolution
		{19CAE695-D984-4335-B18F-6057CB2D9741}.Debug|Any CPU.ActiveCfg = Debug|Any CPU
		{19CAE695-D984-4335-B18F-6057CB2D9741}.Debug|Any CPU.Build.0 = Debug|Any CPU
		{19CAE695-D984-4335-B18F-6057CB2D9741}.Release|Any CPU.ActiveCfg = Release|Any CPU
		{19CAE695-D984-4335-B18F-6057CB2D9741}.Release|Any CPU.Build.0 = Release|Any CPU
	EndGlobalSection
	GlobalSection(SolutionProperties) = preSolution
		HideSolutionNode = FALSE
	EndGlobalSection
	GlobalSection(ExtensibilityGlobals) = postSolution
		SolutionGuid = {7AB3A44B-C0B1-4198-BE72-E3C75A85FA5C}
	EndGlobalSection
EndGlobal
